
Microsoft Visual Studio Solution File, Format Version 12.00
# Visual Studio Version 17
VisualStudioVersion = 17.3.32922.545
MinimumVisualStudioVersion = 10.0.40219.1
Project("{FAE04EC0-301F-11D3-BF4B-00C04F79EFBC}") = "Pariks", "Cafe\Pariks.csproj", "{7772AB5E-64F7-4D06-AED0-4643B8F4BC2A}"
EndProject
Global
	GlobalSection(SolutionConfigurationPlatforms) = preSolution
		Debug|Any CPU = Debug|Any CPU
		Release|Any CPU = Release|Any CPU
	EndGlobalSection
	GlobalSection(ProjectConfigurationPlatforms) = postSolution
		{7772AB5E-64F7-4D06-AED0-4643B8F4BC2A}.Debug|Any CPU.ActiveCfg = Debug|Any CPU
		{7772AB5E-64F7-4D06-AED0-4643B8F4BC2A}.Debug|Any CPU.Build.0 = Debug|Any CPU
		{7772AB5E-64F7-4D06-AED0-4643B8F4BC2A}.Release|Any CPU.ActiveCfg = Release|Any CPU
		{7772AB5E-64F7-4D06-AED0-4643B8F4BC2A}.Release|Any CPU.Build.0 = Release|Any CPU
	EndGlobalSection
	GlobalSection(SolutionProperties) = preSolution
		HideSolutionNode = FALSE
	EndGlobalSection
	GlobalSection(ExtensibilityGlobals) = postSolution
		SolutionGuid = {C1EEA575-D839-419C-A9E9-887D8C5CCED6}
	EndGlobalSection
EndGlobal
